
Microsoft Visual Studio Solution File, Format Version 12.00
# Visual Studio Version 17
VisualStudioVersion = 17.7.34202.233
MinimumVisualStudioVersion = 10.0.40219.1
Project("{FAE04EC0-301F-11D3-BF4B-00C04F79EFBC}") = "Web10172023", "Web10172023\Web10172023.csproj", "{C166E691-906C-4396-860E-C3FEB4423316}"
EndProject
Global
	GlobalSection(SolutionConfigurationPlatforms) = preSolution
		Debug|Any CPU = Debug|Any CPU
		Release|Any CPU = Release|Any CPU
	EndGlobalSection
	GlobalSection(ProjectConfigurationPlatforms) = postSolution
		{C166E691-906C-4396-860E-C3FEB4423316}.Debug|Any CPU.ActiveCfg = Debug|Any CPU
		{C166E691-906C-4396-860E-C3FEB4423316}.Debug|Any CPU.Build.0 = Debug|Any CPU
		{C166E691-906C-4396-860E-C3FEB4423316}.Release|Any CPU.ActiveCfg = Release|Any CPU
		{C166E691-906C-4396-860E-C3FEB4423316}.Release|Any CPU.Build.0 = Release|Any CPU
	EndGlobalSection
	GlobalSection(SolutionProperties) = preSolution
		HideSolutionNode = FALSE
	EndGlobalSection
	GlobalSection(ExtensibilityGlobals) = postSolution
		SolutionGuid = {E2B2DA9F-5C03-45FA-8C55-4712B1E67477}
	EndGlobalSection
EndGlobal
